
Microsoft Visual Studio Solution File, Format Version 12.00
# Visual Studio Version 17
VisualStudioVersion = 17.11.35219.272
MinimumVisualStudioVersion = 10.0.40219.1
Project("{FAE04EC0-301F-11D3-BF4B-00C04F79EFBC}") = "PowerPlantChallenge", "PowerPlantChallenge\PowerPlantChallenge.csproj", "{80DB0560-5CAD-473E-9B98-1BA42902EF1D}"
EndProject
Global
	GlobalSection(SolutionConfigurationPlatforms) = preSolution
		Debug|Any CPU = Debug|Any CPU
		Release|Any CPU = Release|Any CPU
	EndGlobalSection
	GlobalSection(ProjectConfigurationPlatforms) = postSolution
		{80DB0560-5CAD-473E-9B98-1BA42902EF1D}.Debug|Any CPU.ActiveCfg = Debug|Any CPU
		{80DB0560-5CAD-473E-9B98-1BA42902EF1D}.Debug|Any CPU.Build.0 = Debug|Any CPU
		{80DB0560-5CAD-473E-9B98-1BA42902EF1D}.Release|Any CPU.ActiveCfg = Release|Any CPU
		{80DB0560-5CAD-473E-9B98-1BA42902EF1D}.Release|Any CPU.Build.0 = Release|Any CPU
	EndGlobalSection
	GlobalSection(SolutionProperties) = preSolution
		HideSolutionNode = FALSE
	EndGlobalSection
	GlobalSection(ExtensibilityGlobals) = postSolution
		SolutionGuid = {D5C4CF91-0F05-4076-9BED-ACF5C39C93DC}
	EndGlobalSection
EndGlobal
